// !$*UTF8*$!
{
	archiveVersion = 1;
	classes = {
	};
	objectVersion = 46;
	objects = {

/* Begin PBXBuildFile section */
		499985AA19EC93AE00C3DE46 /* Article.swift in Sources */ = {isa = PBXBuildFile; fileRef = 499985A919EC93AE00C3DE46 /* Article.swift */; };
		49D70FD019EF34720009399B /* FeedParser.swift in Sources */ = {isa = PBXBuildFile; fileRef = 49D70FCF19EF34720009399B /* FeedParser.swift */; };
		49E0219519D038460085C513 /* AppDelegate.swift in Sources */ = {isa = PBXBuildFile; fileRef = 49E0219419D038460085C513 /* AppDelegate.swift */; };
		49E0219719D038460085C513 /* ViewController.swift in Sources */ = {isa = PBXBuildFile; fileRef = 49E0219619D038460085C513 /* ViewController.swift */; };
		49E0219C19D038460085C513 /* Images.xcassets in Resources */ = {isa = PBXBuildFile; fileRef = 49E0219B19D038460085C513 /* Images.xcassets */; };
		49E021AB19D038460085C513 /* RSSReaderSwiftTests.swift in Sources */ = {isa = PBXBuildFile; fileRef = 49E021AA19D038460085C513 /* RSSReaderSwiftTests.swift */; };
		49E021E319D0699A0085C513 /* ArticleCollectionViewCell.swift in Sources */ = {isa = PBXBuildFile; fileRef = 49E021E219D0699A0085C513 /* ArticleCollectionViewCell.swift */; };
		49E021E519D092330085C513 /* ArticleDataSource.swift in Sources */ = {isa = PBXBuildFile; fileRef = 49E021E419D092330085C513 /* ArticleDataSource.swift */; };
/* End PBXBuildFile section */

/* Begin PBXContainerItemProxy section */
		49E021A519D038460085C513 /* PBXContainerItemProxy */ = {
			isa = PBXContainerItemProxy;
			containerPortal = 49E0218719D038460085C513 /* Project object */;
			proxyType = 1;
			remoteGlobalIDString = 49E0218E19D038460085C513;
			remoteInfo = RSSReaderSwift;
		};
/* End PBXContainerItemProxy section */

/* Begin PBXFileReference section */
		499985A919EC93AE00C3DE46 /* Article.swift */ = {isa = PBXFileReference; fileEncoding = 4; lastKnownFileType = sourcecode.swift; path = Article.swift; sourceTree = "<group>"; };
		49D70FCF19EF34720009399B /* FeedParser.swift */ = {isa = PBXFileReference; fileEncoding = 4; lastKnownFileType = sourcecode.swift; path = FeedParser.swift; sourceTree = "<group>"; };
		49E0218F19D038460085C513 /* RSSReaderSwift.app */ = {isa = PBXFileReference; explicitFileType = wrapper.application; includeInIndex = 0; path = RSSReaderSwift.app; sourceTree = BUILT_PRODUCTS_DIR; };
		49E0219319D038460085C513 /* Info.plist */ = {isa = PBXFileReference; lastKnownFileType = text.plist.xml; path = Info.plist; sourceTree = "<group>"; };
		49E0219419D038460085C513 /* AppDelegate.swift */ = {isa = PBXFileReference; lastKnownFileType = sourcecode.swift; path = AppDelegate.swift; sourceTree = "<group>"; };
		49E0219619D038460085C513 /* ViewController.swift */ = {isa = PBXFileReference; lastKnownFileType = sourcecode.swift; path = ViewController.swift; sourceTree = "<group>"; };
		49E0219B19D038460085C513 /* Images.xcassets */ = {isa = PBXFileReference; lastKnownFileType = folder.assetcatalog; path = Images.xcassets; sourceTree = "<group>"; };
		49E021A419D038460085C513 /* RSSReaderSwiftTests.xctest */ = {isa = PBXFileReference; explicitFileType = wrapper.cfbundle; includeInIndex = 0; path = RSSReaderSwiftTests.xctest; sourceTree = BUILT_PRODUCTS_DIR; };
		49E021A919D038460085C513 /* Info.plist */ = {isa = PBXFileReference; lastKnownFileType = text.plist.xml; path = Info.plist; sourceTree = "<group>"; };
		49E021AA19D038460085C513 /* RSSReaderSwiftTests.swift */ = {isa = PBXFileReference; lastKnownFileType = sourcecode.swift; path = RSSReaderSwiftTests.swift; sourceTree = "<group>"; };
		49E021E219D0699A0085C513 /* ArticleCollectionViewCell.swift */ = {isa = PBXFileReference; fileEncoding = 4; lastKnownFileType = sourcecode.swift; path = ArticleCollectionViewCell.swift; sourceTree = "<group>"; };
		49E021E419D092330085C513 /* ArticleDataSource.swift */ = {isa = PBXFileReference; fileEncoding = 4; lastKnownFileType = sourcecode.swift; path = ArticleDataSource.swift; sourceTree = "<group>"; };
/* End PBXFileReference section */

/* Begin PBXFrameworksBuildPhase section */
		49E0218C19D038460085C513 /* Frameworks */ = {
			isa = PBXFrameworksBuildPhase;
			buildActionMask = 2147483647;
			files = (
			);
			runOnlyForDeploymentPostprocessing = 0;
		};
		49E021A119D038460085C513 /* Frameworks */ = {
			isa = PBXFrameworksBuildPhase;
			buildActionMask = 2147483647;
			files = (
			);
			runOnlyForDeploymentPostprocessing = 0;
		};
/* End PBXFrameworksBuildPhase section */

/* Begin PBXGroup section */
		49E0218619D038460085C513 = {
			isa = PBXGroup;
			children = (
				49E0219119D038460085C513 /* RSSReaderSwift */,
				49E021A719D038460085C513 /* RSSReaderSwiftTests */,
				49E0219019D038460085C513 /* Products */,
			);
			sourceTree = "<group>";
		};
		49E0219019D038460085C513 /* Products */ = {
			isa = PBXGroup;
			children = (
				49E0218F19D038460085C513 /* RSSReaderSwift.app */,
				49E021A419D038460085C513 /* RSSReaderSwiftTests.xctest */,
			);
			name = Products;
			sourceTree = "<group>";
		};
		49E0219119D038460085C513 /* RSSReaderSwift */ = {
			isa = PBXGroup;
			children = (
				49E0219419D038460085C513 /* AppDelegate.swift */,
				49D70FCF19EF34720009399B /* FeedParser.swift */,
				499985A919EC93AE00C3DE46 /* Article.swift */,
				49E0219619D038460085C513 /* ViewController.swift */,
				49E021E419D092330085C513 /* ArticleDataSource.swift */,
				49E021E219D0699A0085C513 /* ArticleCollectionViewCell.swift */,
				49E0219B19D038460085C513 /* Images.xcassets */,
				49E0219219D038460085C513 /* Supporting Files */,
			);
			path = RSSReaderSwift;
			sourceTree = "<group>";
		};
		49E0219219D038460085C513 /* Supporting Files */ = {
			isa = PBXGroup;
			children = (
				49E0219319D038460085C513 /* Info.plist */,
			);
			name = "Supporting Files";
			sourceTree = "<group>";
		};
		49E021A719D038460085C513 /* RSSReaderSwiftTests */ = {
			isa = PBXGroup;
			children = (
				49E021AA19D038460085C513 /* RSSReaderSwiftTests.swift */,
				49E021A819D038460085C513 /* Supporting Files */,
			);
			path = RSSReaderSwiftTests;
			sourceTree = "<group>";
		};
		49E021A819D038460085C513 /* Supporting Files */ = {
			isa = PBXGroup;
			children = (
				49E021A919D038460085C513 /* Info.plist */,
			);
			name = "Supporting Files";
			sourceTree = "<group>";
		};
/* End PBXGroup section */

/* Begin PBXNativeTarget section */
		49E0218E19D038460085C513 /* RSSReaderSwift */ = {
			isa = PBXNativeTarget;
			buildConfigurationList = 49E021AE19D038460085C513 /* Build configuration list for PBXNativeTarget "RSSReaderSwift" */;
			buildPhases = (
				49E0218B19D038460085C513 /* Sources */,
				49E0218C19D038460085C513 /* Frameworks */,
				49E0218D19D038460085C513 /* Resources */,
			);
			buildRules = (
			);
			dependencies = (
			);
			name = RSSReaderSwift;
			productName = RSSReaderSwift;
			productReference = 49E0218F19D038460085C513 /* RSSReaderSwift.app */;
			productType = "com.apple.product-type.application";
		};
		49E021A319D038460085C513 /* RSSReaderSwiftTests */ = {
			isa = PBXNativeTarget;
			buildConfigurationList = 49E021B119D038460085C513 /* Build configuration list for PBXNativeTarget "RSSReaderSwiftTests" */;
			buildPhases = (
				49E021A019D038460085C513 /* Sources */,
				49E021A119D038460085C513 /* Frameworks */,
				49E021A219D038460085C513 /* Resources */,
			);
			buildRules = (
			);
			dependencies = (
				49E021A619D038460085C513 /* PBXTargetDependency */,
			);
			name = RSSReaderSwiftTests;
			productName = RSSReaderSwiftTests;
			productReference = 49E021A419D038460085C513 /* RSSReaderSwiftTests.xctest */;
			productType = "com.apple.product-type.bundle.unit-test";
		};
/* End PBXNativeTarget section */

/* Begin PBXProject section */
		49E0218719D038460085C513 /* Project object */ = {
			isa = PBXProject;
			attributes = {
				LastUpgradeCheck = 0610;
				ORGANIZATIONNAME = Blip;
				TargetAttributes = {
					49E0218E19D038460085C513 = {
						CreatedOnToolsVersion = 6.1;
					};
					49E021A319D038460085C513 = {
						CreatedOnToolsVersion = 6.1;
						TestTargetID = 49E0218E19D038460085C513;
					};
				};
			};
			buildConfigurationList = 49E0218A19D038460085C513 /* Build configuration list for PBXProject "RSSReaderSwift" */;
			compatibilityVersion = "Xcode 3.2";
			developmentRegion = English;
			hasScannedForEncodings = 0;
			knownRegions = (
				en,
				Base,
			);
			mainGroup = 49E0218619D038460085C513;
			productRefGroup = 49E0219019D038460085C513 /* Products */;
			projectDirPath = "";
			projectRoot = "";
			targets = (
				49E0218E19D038460085C513 /* RSSReaderSwift */,
				49E021A319D038460085C513 /* RSSReaderSwiftTests */,
			);
		};
/* End PBXProject section */

/* Begin PBXResourcesBuildPhase section */
		49E0218D19D038460085C513 /* Resources */ = {
			isa = PBXResourcesBuildPhase;
			buildActionMask = 2147483647;
			files = (
				49E0219C19D038460085C513 /* Images.xcassets in Resources */,
			);
			runOnlyForDeploymentPostprocessing = 0;
		};
		49E021A219D038460085C513 /* Resources */ = {
			isa = PBXResourcesBuildPhase;
			buildActionMask = 2147483647;
			files = (
			);
			runOnlyForDeploymentPostprocessing = 0;
		};
/* End PBXResourcesBuildPhase section */

/* Begin PBXSourcesBuildPhase section */
		49E0218B19D038460085C513 /* Sources */ = {
			isa = PBXSourcesBuildPhase;
			buildActionMask = 2147483647;
			files = (
				49D70FD019EF34720009399B /* FeedParser.swift in Sources */,
				49E021E319D0699A0085C513 /* ArticleCollectionViewCell.swift in Sources */,
				49E021E519D092330085C513 /* ArticleDataSource.swift in Sources */,
				49E0219719D038460085C513 /* ViewController.swift in Sources */,
				49E0219519D038460085C513 /* AppDelegate.swift in Sources */,
				499985AA19EC93AE00C3DE46 /* Article.swift in Sources */,
			);
			runOnlyForDeploymentPostprocessing = 0;
		};
		49E021A019D038460085C513 /* Sources */ = {
			isa = PBXSourcesBuildPhase;
			buildActionMask = 2147483647;
			files = (
				49E021AB19D038460085C513 /* RSSReaderSwiftTests.swift in Sources */,
			);
			runOnlyForDeploymentPostprocessing = 0;
		};
/* End PBXSourcesBuildPhase section */

/* Begin PBXTargetDependency section */
		49E021A619D038460085C513 /* PBXTargetDependency */ = {
			isa = PBXTargetDependency;
			target = 49E0218E19D038460085C513 /* RSSReaderSwift */;
			targetProxy = 49E021A519D038460085C513 /* PBXContainerItemProxy */;
		};
/* End PBXTargetDependency section */

/* Begin XCBuildConfiguration section */
		49E021AC19D038460085C513 /* Debug */ = {
			isa = XCBuildConfiguration;
			buildSettings = {
				ALWAYS_SEARCH_USER_PATHS = NO;
				CLANG_CXX_LANGUAGE_STANDARD = "gnu++0x";
				CLANG_CXX_LIBRARY = "libc++";
				CLANG_ENABLE_MODULES = YES;
				CLANG_ENABLE_OBJC_ARC = YES;
				CLANG_WARN_BOOL_CONVERSION = YES;
				CLANG_WARN_CONSTANT_CONVERSION = YES;
				CLANG_WARN_DIRECT_OBJC_ISA_USAGE = YES_ERROR;
				CLANG_WARN_EMPTY_BODY = YES;
				CLANG_WARN_ENUM_CONVERSION = YES;
				CLANG_WARN_INT_CONVERSION = YES;
				CLANG_WARN_OBJC_ROOT_CLASS = YES_ERROR;
				CLANG_WARN_UNREACHABLE_CODE = YES;
				CLANG_WARN__DUPLICATE_METHOD_MATCH = YES;
				"CODE_SIGN_IDENTITY[sdk=iphoneos*]" = "iPhone Developer";
				COPY_PHASE_STRIP = NO;
				ENABLE_STRICT_OBJC_MSGSEND = YES;
				GCC_C_LANGUAGE_STANDARD = gnu99;
				GCC_DYNAMIC_NO_PIC = NO;
				GCC_OPTIMIZATION_LEVEL = 0;
				GCC_PREPROCESSOR_DEFINITIONS = (
					"DEBUG=1",
					"$(inherited)",
				);
				GCC_SYMBOLS_PRIVATE_EXTERN = NO;
				GCC_WARN_64_TO_32_BIT_CONVERSION = YES;
				GCC_WARN_ABOUT_RETURN_TYPE = YES_ERROR;
				GCC_WARN_UNDECLARED_SELECTOR = YES;
				GCC_WARN_UNINITIALIZED_AUTOS = YES_AGGRESSIVE;
				GCC_WARN_UNUSED_FUNCTION = YES;
				GCC_WARN_UNUSED_VARIABLE = YES;
				IPHONEOS_DEPLOYMENT_TARGET = 8.0;
				MTL_ENABLE_DEBUG_INFO = YES;
				ONLY_ACTIVE_ARCH = YES;
				SDKROOT = iphoneos;
				SWIFT_OPTIMIZATION_LEVEL = "-Onone";
				TARGETED_DEVICE_FAMILY = "1,2";
			};
			name = Debug;
		};
		49E021AD19D038460085C513 /* Release */ = {
			isa = XCBuildConfiguration;
			buildSettings = {
				ALWAYS_SEARCH_USER_PATHS = NO;
				CLANG_CXX_LANGUAGE_STANDARD = "gnu++0x";
				CLANG_CXX_LIBRARY = "libc++";
				CLANG_ENABLE_MODULES = YES;
				CLANG_ENABLE_OBJC_ARC = YES;
				CLANG_WARN_BOOL_CONVERSION = YES;
				CLANG_WARN_CONSTANT_CONVERSION = YES;
				CLANG_WARN_DIRECT_OBJC_ISA_USAGE = YES_ERROR;
				CLANG_WARN_EMPTY_BODY = YES;
				CLANG_WARN_ENUM_CONVERSION = YES;
				CLANG_WARN_INT_CONVERSION = YES;
				CLANG_WARN_OBJC_ROOT_CLASS = YES_ERROR;
				CLANG_WARN_UNREACHABLE_CODE = YES;
				CLANG_WARN__DUPLICATE_METHOD_MATCH = YES;
				"CODE_SIGN_IDENTITY[sdk=iphoneos*]" = "iPhone Developer";
				COPY_PHASE_STRIP = YES;
				ENABLE_NS_ASSERTIONS = NO;
				ENABLE_STRICT_OBJC_MSGSEND = YES;
				GCC_C_LANGUAGE_STANDARD = gnu99;
				GCC_WARN_64_TO_32_BIT_CONVERSION = YES;
				GCC_WARN_ABOUT_RETURN_TYPE = YES_ERROR;
				GCC_WARN_UNDECLARED_SELECTOR = YES;
				GCC_WARN_UNINITIALIZED_AUTOS = YES_AGGRESSIVE;
				GCC_WARN_UNUSED_FUNCTION = YES;
				GCC_WARN_UNUSED_VARIABLE = YES;
				IPHONEOS_DEPLOYMENT_TARGET = 8.0;
				MTL_ENABLE_DEBUG_INFO = NO;
				SDKROOT = iphoneos;
				TARGETED_DEVICE_FAMILY = "1,2";
				VALIDATE_PRODUCT = YES;
			};
			name = Release;
		};
		49E021AF19D038460085C513 /* Debug */ = {
			isa = XCBuildConfiguration;
			buildSettings = {
				ASSETCATALOG_COMPILER_APPICON_NAME = AppIcon;
				INFOPLIST_FILE = RSSReaderSwift/Info.plist;
				LD_RUNPATH_SEARCH_PATHS = "$(inherited) @executable_path/Frameworks";
				PRODUCT_NAME = "$(TARGET_NAME)";
			};
			name = Debug;
		};
		49E021B019D038460085C513 /* Release */ = {
			isa = XCBuildConfiguration;
			buildSettings = {
				ASSETCATALOG_COMPILER_APPICON_NAME = AppIcon;
				INFOPLIST_FILE = RSSReaderSwift/Info.plist;
				LD_RUNPATH_SEARCH_PATHS = "$(inherited) @executable_path/Frameworks";
				PRODUCT_NAME = "$(TARGET_NAME)";
			};
			name = Release;
		};
		49E021B219D038460085C513 /* Debug */ = {
			isa = XCBuildConfiguration;
			buildSettings = {
				BUNDLE_LOADER = "$(TEST_HOST)";
				FRAMEWORK_SEARCH_PATHS = (
					"$(SDKROOT)/Developer/Library/Frameworks",
					"$(inherited)",
				);
				GCC_PREPROCESSOR_DEFINITIONS = (
					"DEBUG=1",
					"$(inherited)",
				);
				INFOPLIST_FILE = RSSReaderSwiftTests/Info.plist;
				LD_RUNPATH_SEARCH_PATHS = "$(inherited) @executable_path/Frameworks @loader_path/Frameworks";
				PRODUCT_NAME = "$(TARGET_NAME)";
				TEST_HOST = "$(BUILT_PRODUCTS_DIR)/RSSReaderSwift.app/RSSReaderSwift";
			};
			name = Debug;
		};
		49E021B319D038460085C513 /* Release */ = {
			isa = XCBuildConfiguration;
			buildSettings = {
				BUNDLE_LOADER = "$(TEST_HOST)";
				FRAMEWORK_SEARCH_PATHS = (
					"$(SDKROOT)/Developer/Library/Frameworks",
					"$(inherited)",
				);
				INFOPLIST_FILE = RSSReaderSwiftTests/Info.plist;
				LD_RUNPATH_SEARCH_PATHS = "$(inherited) @executable_path/Frameworks @loader_path/Frameworks";
				PRODUCT_NAME = "$(TARGET_NAME)";
				TEST_HOST = "$(BUILT_PRODUCTS_DIR)/RSSReaderSwift.app/RSSReaderSwift";
			};
			name = Release;
		};
/* End XCBuildConfiguration section */

/* Begin XCConfigurationList section */
		49E0218A19D038460085C513 /* Build configuration list for PBXProject "RSSReaderSwift" */ = {
			isa = XCConfigurationList;
			buildConfigurations = (
				49E021AC19D038460085C513 /* Debug */,
				49E021AD19D038460085C513 /* Release */,
			);
			defaultConfigurationIsVisible = 0;
			defaultConfigurationName = Release;
		};
		49E021AE19D038460085C513 /* Build configuration list for PBXNativeTarget "RSSReaderSwift" */ = {
			isa = XCConfigurationList;
			buildConfigurations = (
				49E021AF19D038460085C513 /* Debug */,
				49E021B019D038460085C513 /* Release */,
			);
			defaultConfigurationIsVisible = 0;
			defaultConfigurationName = Release;
		};
		49E021B119D038460085C513 /* Build configuration list for PBXNativeTarget "RSSReaderSwiftTests" */ = {
			isa = XCConfigurationList;
			buildConfigurations = (
				49E021B219D038460085C513 /* Debug */,
				49E021B319D038460085C513 /* Release */,
			);
			defaultConfigurationIsVisible = 0;
			defaultConfigurationName = Release;
		};
/* End XCConfigurationList section */
	};
	rootObject = 49E0218719D038460085C513 /* Project object */;
}
